
Microsoft Visual Studio Solution File, Format Version 12.00
# Visual Studio Version 17
VisualStudioVersion = 17.0.32014.148
MinimumVisualStudioVersion = 10.0.40219.1
Project("{FAE04EC0-301F-11D3-BF4B-00C04F79EFBC}") = "BankingApp", "BankingApp.csproj", "{4BEB0A05-7D22-4194-870B-F01C5F8D345D}"
EndProject
Global
	GlobalSection(SolutionConfigurationPlatforms) = preSolution
		Debug|Any CPU = Debug|Any CPU
		Release|Any CPU = Release|Any CPU
	EndGlobalSection
	GlobalSection(ProjectConfigurationPlatforms) = postSolution
		{4BEB0A05-7D22-4194-870B-F01C5F8D345D}.Debug|Any CPU.ActiveCfg = Debug|Any CPU
		{4BEB0A05-7D22-4194-870B-F01C5F8D345D}.Debug|Any CPU.Build.0 = Debug|Any CPU
		{4BEB0A05-7D22-4194-870B-F01C5F8D345D}.Release|Any CPU.ActiveCfg = Release|Any CPU
		{4BEB0A05-7D22-4194-870B-F01C5F8D345D}.Release|Any CPU.Build.0 = Release|Any CPU
	EndGlobalSection
	GlobalSection(SolutionProperties) = preSolution
		HideSolutionNode = FALSE
	EndGlobalSection
	GlobalSection(ExtensibilityGlobals) = postSolution
		SolutionGuid = {AD348644-8037-4CC1-B52C-8815BCD70161}
	EndGlobalSection
EndGlobal
